// !$*UTF8*$!
{
	archiveVersion = 1;
	classes = {
	};
	objectVersion = 56;
	objects = {

/* Begin PBXBuildFile section */
		B41809E32D7E25B4009FAB4B /* Date+Extension.swift in Sources */ = {isa = PBXBuildFile; fileRef = B41809E22D7E25AC009FAB4B /* Date+Extension.swift */; };
		B41809E52D7E25C4009FAB4B /* DateFormatter+Extension.swift in Sources */ = {isa = PBXBuildFile; fileRef = B41809E42D7E25BB009FAB4B /* DateFormatter+Extension.swift */; };
		B41809EE2D7F88C3009FAB4B /* ArticleDetailViewController.swift in Sources */ = {isa = PBXBuildFile; fileRef = B41809ED2D7F88C3009FAB4B /* ArticleDetailViewController.swift */; };
		B41809EF2D7F88C3009FAB4B /* ArticleDetailViewController.swift in Sources */ = {isa = PBXBuildFile; fileRef = B41809ED2D7F88C3009FAB4B /* ArticleDetailViewController.swift */; };
		DF0C19392A337F6A004C5EF0 /* AppDelegate.swift in Sources */ = {isa = PBXBuildFile; fileRef = DF0C19382A337F6A004C5EF0 /* AppDelegate.swift */; };
		DF0C193B2A337F6A004C5EF0 /* SceneDelegate.swift in Sources */ = {isa = PBXBuildFile; fileRef = DF0C193A2A337F6A004C5EF0 /* SceneDelegate.swift */; };
		DF0C193D2A337F6A004C5EF0 /* ArticleListTableViewController.swift in Sources */ = {isa = PBXBuildFile; fileRef = DF0C193C2A337F6A004C5EF0 /* ArticleListTableViewController.swift */; };
		DF0C19422A337F6B004C5EF0 /* Assets.xcassets in Resources */ = {isa = PBXBuildFile; fileRef = DF0C19412A337F6B004C5EF0 /* Assets.xcassets */; };
		DF0C19452A337F6B004C5EF0 /* LaunchScreen.storyboard in Resources */ = {isa = PBXBuildFile; fileRef = DF0C19432A337F6B004C5EF0 /* LaunchScreen.storyboard */; };
		DF0C19692A3382F9004C5EF0 /* ArticleService.swift in Sources */ = {isa = PBXBuildFile; fileRef = DF0C19682A3382F9004C5EF0 /* ArticleService.swift */; };
		DF0C196B2A338571004C5EF0 /* Article.swift in Sources */ = {isa = PBXBuildFile; fileRef = DF0C196A2A338571004C5EF0 /* Article.swift */; };
		DF0C196D2A338BBB004C5EF0 /* ArticleCell.swift in Sources */ = {isa = PBXBuildFile; fileRef = DF0C196C2A338BBB004C5EF0 /* ArticleCell.swift */; };
		DF0C196F2A338F0A004C5EF0 /* String+Extension.swift in Sources */ = {isa = PBXBuildFile; fileRef = DF0C196E2A338F0A004C5EF0 /* String+Extension.swift */; };
		DF0C19712A338F82004C5EF0 /* UIImageView+Extension.swift in Sources */ = {isa = PBXBuildFile; fileRef = DF0C19702A338F82004C5EF0 /* UIImageView+Extension.swift */; };
		DFAAF2122A373E7B003803A7 /* StringExtensionTests.swift in Sources */ = {isa = PBXBuildFile; fileRef = DFAAF2112A373E7B003803A7 /* StringExtensionTests.swift */; };
/* End PBXBuildFile section */

/* Begin PBXContainerItemProxy section */
		DF0C194C2A337F6B004C5EF0 /* PBXContainerItemProxy */ = {
			isa = PBXContainerItemProxy;
			containerPortal = DF0C192D2A337F6A004C5EF0 /* Project object */;
			proxyType = 1;
			remoteGlobalIDString = DF0C19342A337F6A004C5EF0;
			remoteInfo = Headlines;
		};
/* End PBXContainerItemProxy section */

/* Begin PBXFileReference section */
		B41809E22D7E25AC009FAB4B /* Date+Extension.swift */ = {isa = PBXFileReference; lastKnownFileType = sourcecode.swift; path = "Date+Extension.swift"; sourceTree = "<group>"; };
		B41809E42D7E25BB009FAB4B /* DateFormatter+Extension.swift */ = {isa = PBXFileReference; lastKnownFileType = sourcecode.swift; path = "DateFormatter+Extension.swift"; sourceTree = "<group>"; };
		B41809ED2D7F88C3009FAB4B /* ArticleDetailViewController.swift */ = {isa = PBXFileReference; lastKnownFileType = sourcecode.swift; path = ArticleDetailViewController.swift; sourceTree = "<group>"; };
		DF0C19352A337F6A004C5EF0 /* Headlines.app */ = {isa = PBXFileReference; explicitFileType = wrapper.application; includeInIndex = 0; path = Headlines.app; sourceTree = BUILT_PRODUCTS_DIR; };
		DF0C19382A337F6A004C5EF0 /* AppDelegate.swift */ = {isa = PBXFileReference; lastKnownFileType = sourcecode.swift; path = AppDelegate.swift; sourceTree = "<group>"; };
		DF0C193A2A337F6A004C5EF0 /* SceneDelegate.swift */ = {isa = PBXFileReference; lastKnownFileType = sourcecode.swift; path = SceneDelegate.swift; sourceTree = "<group>"; };
		DF0C193C2A337F6A004C5EF0 /* ArticleListTableViewController.swift */ = {isa = PBXFileReference; lastKnownFileType = sourcecode.swift; path = ArticleListTableViewController.swift; sourceTree = "<group>"; };
		DF0C19412A337F6B004C5EF0 /* Assets.xcassets */ = {isa = PBXFileReference; lastKnownFileType = folder.assetcatalog; path = Assets.xcassets; sourceTree = "<group>"; };
		DF0C19442A337F6B004C5EF0 /* Base */ = {isa = PBXFileReference; lastKnownFileType = file.storyboard; name = Base; path = Base.lproj/LaunchScreen.storyboard; sourceTree = "<group>"; };
		DF0C19462A337F6B004C5EF0 /* Info.plist */ = {isa = PBXFileReference; lastKnownFileType = text.plist.xml; path = Info.plist; sourceTree = "<group>"; };
		DF0C194B2A337F6B004C5EF0 /* HeadlinesTests.xctest */ = {isa = PBXFileReference; explicitFileType = wrapper.cfbundle; includeInIndex = 0; path = HeadlinesTests.xctest; sourceTree = BUILT_PRODUCTS_DIR; };
		DF0C19682A3382F9004C5EF0 /* ArticleService.swift */ = {isa = PBXFileReference; lastKnownFileType = sourcecode.swift; path = ArticleService.swift; sourceTree = "<group>"; };
		DF0C196A2A338571004C5EF0 /* Article.swift */ = {isa = PBXFileReference; lastKnownFileType = sourcecode.swift; path = Article.swift; sourceTree = "<group>"; };
		DF0C196C2A338BBB004C5EF0 /* ArticleCell.swift */ = {isa = PBXFileReference; lastKnownFileType = sourcecode.swift; path = ArticleCell.swift; sourceTree = "<group>"; };
		DF0C196E2A338F0A004C5EF0 /* String+Extension.swift */ = {isa = PBXFileReference; lastKnownFileType = sourcecode.swift; path = "String+Extension.swift"; sourceTree = "<group>"; };
		DF0C19702A338F82004C5EF0 /* UIImageView+Extension.swift */ = {isa = PBXFileReference; lastKnownFileType = sourcecode.swift; path = "UIImageView+Extension.swift"; sourceTree = "<group>"; };
		DFAAF2112A373E7B003803A7 /* StringExtensionTests.swift */ = {isa = PBXFileReference; lastKnownFileType = sourcecode.swift; path = StringExtensionTests.swift; sourceTree = "<group>"; };
/* End PBXFileReference section */

/* Begin PBXFrameworksBuildPhase section */
		DF0C19322A337F6A004C5EF0 /* Frameworks */ = {
			isa = PBXFrameworksBuildPhase;
			buildActionMask = 2147483647;
			files = (
			);
			runOnlyForDeploymentPostprocessing = 0;
		};
		DF0C19482A337F6B004C5EF0 /* Frameworks */ = {
			isa = PBXFrameworksBuildPhase;
			buildActionMask = 2147483647;
			files = (
			);
			runOnlyForDeploymentPostprocessing = 0;
		};
/* End PBXFrameworksBuildPhase section */

/* Begin PBXGroup section */
		DF0C192C2A337F6A004C5EF0 = {
			isa = PBXGroup;
			children = (
				DF0C19372A337F6A004C5EF0 /* Headlines */,
				DF0C194E2A337F6B004C5EF0 /* Headlines Tests */,
				DF0C19362A337F6A004C5EF0 /* Products */,
			);
			sourceTree = "<group>";
		};
		DF0C19362A337F6A004C5EF0 /* Products */ = {
			isa = PBXGroup;
			children = (
				DF0C19352A337F6A004C5EF0 /* Headlines.app */,
				DF0C194B2A337F6B004C5EF0 /* HeadlinesTests.xctest */,
			);
			name = Products;
			sourceTree = "<group>";
		};
		DF0C19372A337F6A004C5EF0 /* Headlines */ = {
			isa = PBXGroup;
			children = (
				B41809E42D7E25BB009FAB4B /* DateFormatter+Extension.swift */,
				B41809E22D7E25AC009FAB4B /* Date+Extension.swift */,
				DF0C19382A337F6A004C5EF0 /* AppDelegate.swift */,
				DF0C193A2A337F6A004C5EF0 /* SceneDelegate.swift */,
				DF0C193C2A337F6A004C5EF0 /* ArticleListTableViewController.swift */,
				DF0C196C2A338BBB004C5EF0 /* ArticleCell.swift */,
				DF0C19682A3382F9004C5EF0 /* ArticleService.swift */,
				DF0C196A2A338571004C5EF0 /* Article.swift */,
				B41809ED2D7F88C3009FAB4B /* ArticleDetailViewController.swift */,
				DF0C196E2A338F0A004C5EF0 /* String+Extension.swift */,
				DF0C19702A338F82004C5EF0 /* UIImageView+Extension.swift */,
				DF0C19412A337F6B004C5EF0 /* Assets.xcassets */,
				DF0C19432A337F6B004C5EF0 /* LaunchScreen.storyboard */,
				DF0C19462A337F6B004C5EF0 /* Info.plist */,
			);
			path = Headlines;
			sourceTree = "<group>";
		};
		DF0C194E2A337F6B004C5EF0 /* Headlines Tests */ = {
			isa = PBXGroup;
			children = (
				DFAAF2112A373E7B003803A7 /* StringExtensionTests.swift */,
			);
			path = "Headlines Tests";
			sourceTree = "<group>";
		};
/* End PBXGroup section */

/* Begin PBXNativeTarget section */
		DF0C19342A337F6A004C5EF0 /* Headlines */ = {
			isa = PBXNativeTarget;
			buildConfigurationList = DF0C195F2A337F6B004C5EF0 /* Build configuration list for PBXNativeTarget "Headlines" */;
			buildPhases = (
				DF0C19312A337F6A004C5EF0 /* Sources */,
				DF0C19322A337F6A004C5EF0 /* Frameworks */,
				DF0C19332A337F6A004C5EF0 /* Resources */,
			);
			buildRules = (
			);
			dependencies = (
			);
			name = Headlines;
			productName = Headlines;
			productReference = DF0C19352A337F6A004C5EF0 /* Headlines.app */;
			productType = "com.apple.product-type.application";
		};
		DF0C194A2A337F6B004C5EF0 /* HeadlinesTests */ = {
			isa = PBXNativeTarget;
			buildConfigurationList = DF0C19622A337F6B004C5EF0 /* Build configuration list for PBXNativeTarget "HeadlinesTests" */;
			buildPhases = (
				DF0C19472A337F6B004C5EF0 /* Sources */,
				DF0C19482A337F6B004C5EF0 /* Frameworks */,
				DF0C19492A337F6B004C5EF0 /* Resources */,
			);
			buildRules = (
			);
			dependencies = (
				DF0C194D2A337F6B004C5EF0 /* PBXTargetDependency */,
			);
			name = HeadlinesTests;
			productName = HeadlinesTests;
			productReference = DF0C194B2A337F6B004C5EF0 /* HeadlinesTests.xctest */;
			productType = "com.apple.product-type.bundle.unit-test";
		};
/* End PBXNativeTarget section */

/* Begin PBXProject section */
		DF0C192D2A337F6A004C5EF0 /* Project object */ = {
			isa = PBXProject;
			attributes = {
				BuildIndependentTargetsInParallel = 1;
				LastSwiftUpdateCheck = 1420;
				LastUpgradeCheck = 1420;
				TargetAttributes = {
					DF0C19342A337F6A004C5EF0 = {
						CreatedOnToolsVersion = 14.2;
					};
					DF0C194A2A337F6B004C5EF0 = {
						CreatedOnToolsVersion = 14.2;
						LastSwiftMigration = 1420;
						TestTargetID = DF0C19342A337F6A004C5EF0;
					};
				};
			};
			buildConfigurationList = DF0C19302A337F6A004C5EF0 /* Build configuration list for PBXProject "Headlines" */;
			compatibilityVersion = "Xcode 14.0";
			developmentRegion = en;
			hasScannedForEncodings = 0;
			knownRegions = (
				en,
				Base,
			);
			mainGroup = DF0C192C2A337F6A004C5EF0;
			productRefGroup = DF0C19362A337F6A004C5EF0 /* Products */;
			projectDirPath = "";
			projectRoot = "";
			targets = (
				DF0C19342A337F6A004C5EF0 /* Headlines */,
				DF0C194A2A337F6B004C5EF0 /* HeadlinesTests */,
			);
		};
/* End PBXProject section */

/* Begin PBXResourcesBuildPhase section */
		DF0C19332A337F6A004C5EF0 /* Resources */ = {
			isa = PBXResourcesBuildPhase;
			buildActionMask = 2147483647;
			files = (
				DF0C19452A337F6B004C5EF0 /* LaunchScreen.storyboard in Resources */,
				DF0C19422A337F6B004C5EF0 /* Assets.xcassets in Resources */,
			);
			runOnlyForDeploymentPostprocessing = 0;
		};
		DF0C19492A337F6B004C5EF0 /* Resources */ = {
			isa = PBXResourcesBuildPhase;
			buildActionMask = 2147483647;
			files = (
			);
			runOnlyForDeploymentPostprocessing = 0;
		};
/* End PBXResourcesBuildPhase section */

/* Begin PBXSourcesBuildPhase section */
		DF0C19312A337F6A004C5EF0 /* Sources */ = {
			isa = PBXSourcesBuildPhase;
			buildActionMask = 2147483647;
			files = (
				DF0C19692A3382F9004C5EF0 /* ArticleService.swift in Sources */,
				B41809E32D7E25B4009FAB4B /* Date+Extension.swift in Sources */,
				B41809E52D7E25C4009FAB4B /* DateFormatter+Extension.swift in Sources */,
				DF0C196F2A338F0A004C5EF0 /* String+Extension.swift in Sources */,
				DF0C19712A338F82004C5EF0 /* UIImageView+Extension.swift in Sources */,
				DF0C193D2A337F6A004C5EF0 /* ArticleListTableViewController.swift in Sources */,
				DF0C196D2A338BBB004C5EF0 /* ArticleCell.swift in Sources */,
				DF0C19392A337F6A004C5EF0 /* AppDelegate.swift in Sources */,
				DF0C193B2A337F6A004C5EF0 /* SceneDelegate.swift in Sources */,
				DF0C196B2A338571004C5EF0 /* Article.swift in Sources */,
				B41809EE2D7F88C3009FAB4B /* ArticleDetailViewController.swift in Sources */,
			);
			runOnlyForDeploymentPostprocessing = 0;
		};
		DF0C19472A337F6B004C5EF0 /* Sources */ = {
			isa = PBXSourcesBuildPhase;
			buildActionMask = 2147483647;
			files = (
				B41809EF2D7F88C3009FAB4B /* ArticleDetailViewController.swift in Sources */,
				DFAAF2122A373E7B003803A7 /* StringExtensionTests.swift in Sources */,
			);
			runOnlyForDeploymentPostprocessing = 0;
		};
/* End PBXSourcesBuildPhase section */

/* Begin PBXTargetDependency section */
		DF0C194D2A337F6B004C5EF0 /* PBXTargetDependency */ = {
			isa = PBXTargetDependency;
			target = DF0C19342A337F6A004C5EF0 /* Headlines */;
			targetProxy = DF0C194C2A337F6B004C5EF0 /* PBXContainerItemProxy */;
		};
/* End PBXTargetDependency section */

/* Begin PBXVariantGroup section */
		DF0C19432A337F6B004C5EF0 /* LaunchScreen.storyboard */ = {
			isa = PBXVariantGroup;
			children = (
				DF0C19442A337F6B004C5EF0 /* Base */,
			);
			name = LaunchScreen.storyboard;
			sourceTree = "<group>";
		};
/* End PBXVariantGroup section */

/* Begin XCBuildConfiguration section */
		DF0C195D2A337F6B004C5EF0 /* Debug */ = {
			isa = XCBuildConfiguration;
			buildSettings = {
				ALWAYS_SEARCH_USER_PATHS = NO;
				CLANG_ANALYZER_NONNULL = YES;
				CLANG_ANALYZER_NUMBER_OBJECT_CONVERSION = YES_AGGRESSIVE;
				CLANG_CXX_LANGUAGE_STANDARD = "gnu++20";
				CLANG_ENABLE_MODULES = YES;
				CLANG_ENABLE_OBJC_ARC = YES;
				CLANG_ENABLE_OBJC_WEAK = YES;
				CLANG_WARN_BLOCK_CAPTURE_AUTORELEASING = YES;
				CLANG_WARN_BOOL_CONVERSION = YES;
				CLANG_WARN_COMMA = YES;
				CLANG_WARN_CONSTANT_CONVERSION = YES;
				CLANG_WARN_DEPRECATED_OBJC_IMPLEMENTATIONS = YES;
				CLANG_WARN_DIRECT_OBJC_ISA_USAGE = YES_ERROR;
				CLANG_WARN_DOCUMENTATION_COMMENTS = YES;
				CLANG_WARN_EMPTY_BODY = YES;
				CLANG_WARN_ENUM_CONVERSION = YES;
				CLANG_WARN_INFINITE_RECURSION = YES;
				CLANG_WARN_INT_CONVERSION = YES;
				CLANG_WARN_NON_LITERAL_NULL_CONVERSION = YES;
				CLANG_WARN_OBJC_IMPLICIT_RETAIN_SELF = YES;
				CLANG_WARN_OBJC_LITERAL_CONVERSION = YES;
				CLANG_WARN_OBJC_ROOT_CLASS = YES_ERROR;
				CLANG_WARN_QUOTED_INCLUDE_IN_FRAMEWORK_HEADER = YES;
				CLANG_WARN_RANGE_LOOP_ANALYSIS = YES;
				CLANG_WARN_STRICT_PROTOTYPES = YES;
				CLANG_WARN_SUSPICIOUS_MOVE = YES;
				CLANG_WARN_UNGUARDED_AVAILABILITY = YES_AGGRESSIVE;
				CLANG_WARN_UNREACHABLE_CODE = YES;
				CLANG_WARN__DUPLICATE_METHOD_MATCH = YES;
				COPY_PHASE_STRIP = NO;
				DEBUG_INFORMATION_FORMAT = dwarf;
				ENABLE_STRICT_OBJC_MSGSEND = YES;
				ENABLE_TESTABILITY = YES;
				GCC_C_LANGUAGE_STANDARD = gnu11;
				GCC_DYNAMIC_NO_PIC = NO;
				GCC_NO_COMMON_BLOCKS = YES;
				GCC_OPTIMIZATION_LEVEL = 0;
				GCC_PREPROCESSOR_DEFINITIONS = (
					"DEBUG=1",
					"$(inherited)",
				);
				GCC_WARN_64_TO_32_BIT_CONVERSION = YES;
				GCC_WARN_ABOUT_RETURN_TYPE = YES_ERROR;
				GCC_WARN_UNDECLARED_SELECTOR = YES;
				GCC_WARN_UNINITIALIZED_AUTOS = YES_AGGRESSIVE;
				GCC_WARN_UNUSED_FUNCTION = YES;
				GCC_WARN_UNUSED_VARIABLE = YES;
				IPHONEOS_DEPLOYMENT_TARGET = 16.2;
				MTL_ENABLE_DEBUG_INFO = INCLUDE_SOURCE;
				MTL_FAST_MATH = YES;
				ONLY_ACTIVE_ARCH = YES;
				SDKROOT = iphoneos;
				SWIFT_ACTIVE_COMPILATION_CONDITIONS = DEBUG;
				SWIFT_OPTIMIZATION_LEVEL = "-Onone";
			};
			name = Debug;
		};
		DF0C195E2A337F6B004C5EF0 /* Release */ = {
			isa = XCBuildConfiguration;
			buildSettings = {
				ALWAYS_SEARCH_USER_PATHS = NO;
				CLANG_ANALYZER_NONNULL = YES;
				CLANG_ANALYZER_NUMBER_OBJECT_CONVERSION = YES_AGGRESSIVE;
				CLANG_CXX_LANGUAGE_STANDARD = "gnu++20";
				CLANG_ENABLE_MODULES = YES;
				CLANG_ENABLE_OBJC_ARC = YES;
				CLANG_ENABLE_OBJC_WEAK = YES;
				CLANG_WARN_BLOCK_CAPTURE_AUTORELEASING = YES;
				CLANG_WARN_BOOL_CONVERSION = YES;
				CLANG_WARN_COMMA = YES;
				CLANG_WARN_CONSTANT_CONVERSION = YES;
				CLANG_WARN_DEPRECATED_OBJC_IMPLEMENTATIONS = YES;
				CLANG_WARN_DIRECT_OBJC_ISA_USAGE = YES_ERROR;
				CLANG_WARN_DOCUMENTATION_COMMENTS = YES;
				CLANG_WARN_EMPTY_BODY = YES;
				CLANG_WARN_ENUM_CONVERSION = YES;
				CLANG_WARN_INFINITE_RECURSION = YES;
				CLANG_WARN_INT_CONVERSION = YES;
				CLANG_WARN_NON_LITERAL_NULL_CONVERSION = YES;
				CLANG_WARN_OBJC_IMPLICIT_RETAIN_SELF = YES;
				CLANG_WARN_OBJC_LITERAL_CONVERSION = YES;
				CLANG_WARN_OBJC_ROOT_CLASS = YES_ERROR;
				CLANG_WARN_QUOTED_INCLUDE_IN_FRAMEWORK_HEADER = YES;
				CLANG_WARN_RANGE_LOOP_ANALYSIS = YES;
				CLANG_WARN_STRICT_PROTOTYPES = YES;
				CLANG_WARN_SUSPICIOUS_MOVE = YES;
				CLANG_WARN_UNGUARDED_AVAILABILITY = YES_AGGRESSIVE;
				CLANG_WARN_UNREACHABLE_CODE = YES;
				CLANG_WARN__DUPLICATE_METHOD_MATCH = YES;
				COPY_PHASE_STRIP = NO;
				DEBUG_INFORMATION_FORMAT = "dwarf-with-dsym";
				ENABLE_NS_ASSERTIONS = NO;
				ENABLE_STRICT_OBJC_MSGSEND = YES;
				GCC_C_LANGUAGE_STANDARD = gnu11;
				GCC_NO_COMMON_BLOCKS = YES;
				GCC_WARN_64_TO_32_BIT_CONVERSION = YES;
				GCC_WARN_ABOUT_RETURN_TYPE = YES_ERROR;
				GCC_WARN_UNDECLARED_SELECTOR = YES;
				GCC_WARN_UNINITIALIZED_AUTOS = YES_AGGRESSIVE;
				GCC_WARN_UNUSED_FUNCTION = YES;
				GCC_WARN_UNUSED_VARIABLE = YES;
				IPHONEOS_DEPLOYMENT_TARGET = 16.2;
				MTL_ENABLE_DEBUG_INFO = NO;
				MTL_FAST_MATH = YES;
				SDKROOT = iphoneos;
				SWIFT_COMPILATION_MODE = wholemodule;
				SWIFT_OPTIMIZATION_LEVEL = "-O";
				VALIDATE_PRODUCT = YES;
			};
			name = Release;
		};
		DF0C19602A337F6B004C5EF0 /* Debug */ = {
			isa = XCBuildConfiguration;
			buildSettings = {
				ASSETCATALOG_COMPILER_APPICON_NAME = AppIcon;
				ASSETCATALOG_COMPILER_GLOBAL_ACCENT_COLOR_NAME = AccentColor;
				CODE_SIGN_STYLE = Automatic;
				CURRENT_PROJECT_VERSION = 1;
				DEVELOPMENT_TEAM = VP6GF3L2GL;
				GENERATE_INFOPLIST_FILE = YES;
				INFOPLIST_FILE = Headlines/Info.plist;
				INFOPLIST_KEY_UIApplicationSupportsIndirectInputEvents = YES;
				INFOPLIST_KEY_UILaunchStoryboardName = LaunchScreen.storyboard;
				INFOPLIST_KEY_UISupportedInterfaceOrientations_iPad = "UIInterfaceOrientationPortrait UIInterfaceOrientationPortraitUpsideDown UIInterfaceOrientationLandscapeLeft UIInterfaceOrientationLandscapeRight";
				INFOPLIST_KEY_UISupportedInterfaceOrientations_iPhone = "UIInterfaceOrientationPortrait UIInterfaceOrientationLandscapeLeft UIInterfaceOrientationLandscapeRight";
				LD_RUNPATH_SEARCH_PATHS = (
					"$(inherited)",
					"@executable_path/Frameworks",
				);
				MARKETING_VERSION = 1.0;
				PRODUCT_BUNDLE_IDENTIFIER = "com.monzo.Headlines-Pairing-Test";
				PRODUCT_NAME = "$(TARGET_NAME)";
				SWIFT_EMIT_LOC_STRINGS = YES;
				SWIFT_VERSION = 5.0;
				TARGETED_DEVICE_FAMILY = "1,2";
			};
			name = Debug;
		};
		DF0C19612A337F6B004C5EF0 /* Release */ = {
			isa = XCBuildConfiguration;
			buildSettings = {
				ASSETCATALOG_COMPILER_APPICON_NAME = AppIcon;
				ASSETCATALOG_COMPILER_GLOBAL_ACCENT_COLOR_NAME = AccentColor;
				CODE_SIGN_STYLE = Automatic;
				CURRENT_PROJECT_VERSION = 1;
				DEVELOPMENT_TEAM = VP6GF3L2GL;
				GENERATE_INFOPLIST_FILE = YES;
				INFOPLIST_FILE = Headlines/Info.plist;
				INFOPLIST_KEY_UIApplicationSupportsIndirectInputEvents = YES;
				INFOPLIST_KEY_UILaunchStoryboardName = LaunchScreen.storyboard;
				INFOPLIST_KEY_UISupportedInterfaceOrientations_iPad = "UIInterfaceOrientationPortrait UIInterfaceOrientationPortraitUpsideDown UIInterfaceOrientationLandscapeLeft UIInterfaceOrientationLandscapeRight";
				INFOPLIST_KEY_UISupportedInterfaceOrientations_iPhone = "UIInterfaceOrientationPortrait UIInterfaceOrientationLandscapeLeft UIInterfaceOrientationLandscapeRight";
				LD_RUNPATH_SEARCH_PATHS = (
					"$(inherited)",
					"@executable_path/Frameworks",
				);
				MARKETING_VERSION = 1.0;
				PRODUCT_BUNDLE_IDENTIFIER = "com.monzo.Headlines-Pairing-Test";
				PRODUCT_NAME = "$(TARGET_NAME)";
				SWIFT_EMIT_LOC_STRINGS = YES;
				SWIFT_VERSION = 5.0;
				TARGETED_DEVICE_FAMILY = "1,2";
			};
			name = Release;
		};
		DF0C19632A337F6B004C5EF0 /* Debug */ = {
			isa = XCBuildConfiguration;
			buildSettings = {
				ALWAYS_EMBED_SWIFT_STANDARD_LIBRARIES = YES;
				BUNDLE_LOADER = "$(TEST_HOST)";
				CLANG_ENABLE_MODULES = YES;
				CODE_SIGN_STYLE = Automatic;
				CURRENT_PROJECT_VERSION = 1;
				GENERATE_INFOPLIST_FILE = YES;
				IPHONEOS_DEPLOYMENT_TARGET = 16.2;
				LD_RUNPATH_SEARCH_PATHS = (
					"$(inherited)",
					"@executable_path/Frameworks",
					"@loader_path/Frameworks",
				);
				MARKETING_VERSION = 1.0;
				PRODUCT_BUNDLE_IDENTIFIER = "com.monzo.Headlines-Pairing-TestTests";
				PRODUCT_NAME = "$(TARGET_NAME)";
				SWIFT_EMIT_LOC_STRINGS = NO;
				SWIFT_OPTIMIZATION_LEVEL = "-Onone";
				SWIFT_VERSION = 5.0;
				TARGETED_DEVICE_FAMILY = "1,2";
				TEST_HOST = "$(BUILT_PRODUCTS_DIR)/Headlines.app/$(BUNDLE_EXECUTABLE_FOLDER_PATH)/Headlines";
			};
			name = Debug;
		};
		DF0C19642A337F6B004C5EF0 /* Release */ = {
			isa = XCBuildConfiguration;
			buildSettings = {
				ALWAYS_EMBED_SWIFT_STANDARD_LIBRARIES = YES;
				BUNDLE_LOADER = "$(TEST_HOST)";
				CLANG_ENABLE_MODULES = YES;
				CODE_SIGN_STYLE = Automatic;
				CURRENT_PROJECT_VERSION = 1;
				GENERATE_INFOPLIST_FILE = YES;
				IPHONEOS_DEPLOYMENT_TARGET = 16.2;
				LD_RUNPATH_SEARCH_PATHS = (
					"$(inherited)",
					"@executable_path/Frameworks",
					"@loader_path/Frameworks",
				);
				MARKETING_VERSION = 1.0;
				PRODUCT_BUNDLE_IDENTIFIER = "com.monzo.Headlines-Pairing-TestTests";
				PRODUCT_NAME = "$(TARGET_NAME)";
				SWIFT_EMIT_LOC_STRINGS = NO;
				SWIFT_VERSION = 5.0;
				TARGETED_DEVICE_FAMILY = "1,2";
				TEST_HOST = "$(BUILT_PRODUCTS_DIR)/Headlines.app/$(BUNDLE_EXECUTABLE_FOLDER_PATH)/Headlines";
			};
			name = Release;
		};
/* End XCBuildConfiguration section */

/* Begin XCConfigurationList section */
		DF0C19302A337F6A004C5EF0 /* Build configuration list for PBXProject "Headlines" */ = {
			isa = XCConfigurationList;
			buildConfigurations = (
				DF0C195D2A337F6B004C5EF0 /* Debug */,
				DF0C195E2A337F6B004C5EF0 /* Release */,
			);
			defaultConfigurationIsVisible = 0;
			defaultConfigurationName = Release;
		};
		DF0C195F2A337F6B004C5EF0 /* Build configuration list for PBXNativeTarget "Headlines" */ = {
			isa = XCConfigurationList;
			buildConfigurations = (
				DF0C19602A337F6B004C5EF0 /* Debug */,
				DF0C19612A337F6B004C5EF0 /* Release */,
			);
			defaultConfigurationIsVisible = 0;
			defaultConfigurationName = Release;
		};
		DF0C19622A337F6B004C5EF0 /* Build configuration list for PBXNativeTarget "HeadlinesTests" */ = {
			isa = XCConfigurationList;
			buildConfigurations = (
				DF0C19632A337F6B004C5EF0 /* Debug */,
				DF0C19642A337F6B004C5EF0 /* Release */,
			);
			defaultConfigurationIsVisible = 0;
			defaultConfigurationName = Release;
		};
/* End XCConfigurationList section */
	};
	rootObject = DF0C192D2A337F6A004C5EF0 /* Project object */;
}
